
Microsoft Visual Studio Solution File, Format Version 12.00
# Visual Studio 15
VisualStudioVersion = 15.0.28307.779
MinimumVisualStudioVersion = 10.0.40219.1
Project("{FAE04EC0-301F-11D3-BF4B-00C04F79EFBC}") = "ProyectoEstudio", "ProyectoEstudio\ProyectoEstudio.csproj", "{82782EDA-B1B5-4D74-926C-0A4A6614F315}"
EndProject
Global
	GlobalSection(SolutionConfigurationPlatforms) = preSolution
		Debug|Any CPU = Debug|Any CPU
		Release|Any CPU = Release|Any CPU
	EndGlobalSection
	GlobalSection(ProjectConfigurationPlatforms) = postSolution
		{82782EDA-B1B5-4D74-926C-0A4A6614F315}.Debug|Any CPU.ActiveCfg = Debug|Any CPU
		{82782EDA-B1B5-4D74-926C-0A4A6614F315}.Debug|Any CPU.Build.0 = Debug|Any CPU
		{82782EDA-B1B5-4D74-926C-0A4A6614F315}.Release|Any CPU.ActiveCfg = Release|Any CPU
		{82782EDA-B1B5-4D74-926C-0A4A6614F315}.Release|Any CPU.Build.0 = Release|Any CPU
	EndGlobalSection
	GlobalSection(SolutionProperties) = preSolution
		HideSolutionNode = FALSE
	EndGlobalSection
	GlobalSection(ExtensibilityGlobals) = postSolution
		SolutionGuid = {34D73DCA-AC67-4C8C-952E-1393001447E0}
	EndGlobalSection
EndGlobal
